
Microsoft Visual Studio Solution File, Format Version 11.00
# Visual Studio 2010
Project("{FAE04EC0-301F-11D3-BF4B-00C04F79EFBC}") = "Assembly-CSharp", "Assembly-CSharp.csproj", "{00B1EBF0-9F5F-6FC4-6F38-944978188788}"
EndProject
Project("{FAE04EC0-301F-11D3-BF4B-00C04F79EFBC}") = "Assembly-CSharp-Editor", "Assembly-CSharp-Editor.csproj", "{2883EDBD-49BD-744D-435A-9204C086BB3D}"
EndProject
Global
	GlobalSection(SolutionConfigurationPlatforms) = preSolution
		Debug|Any CPU = Debug|Any CPU
		Release|Any CPU = Release|Any CPU
	EndGlobalSection
	GlobalSection(ProjectConfigurationPlatforms) = postSolution
		{00B1EBF0-9F5F-6FC4-6F38-944978188788}.Debug|Any CPU.ActiveCfg = Debug|Any CPU
		{00B1EBF0-9F5F-6FC4-6F38-944978188788}.Debug|Any CPU.Build.0 = Debug|Any CPU
		{00B1EBF0-9F5F-6FC4-6F38-944978188788}.Release|Any CPU.ActiveCfg = Release|Any CPU
		{00B1EBF0-9F5F-6FC4-6F38-944978188788}.Release|Any CPU.Build.0 = Release|Any CPU
		{2883EDBD-49BD-744D-435A-9204C086BB3D}.Debug|Any CPU.ActiveCfg = Debug|Any CPU
		{2883EDBD-49BD-744D-435A-9204C086BB3D}.Debug|Any CPU.Build.0 = Debug|Any CPU
		{2883EDBD-49BD-744D-435A-9204C086BB3D}.Release|Any CPU.ActiveCfg = Release|Any CPU
		{2883EDBD-49BD-744D-435A-9204C086BB3D}.Release|Any CPU.Build.0 = Release|Any CPU
	EndGlobalSection
	GlobalSection(SolutionProperties) = preSolution
		HideSolutionNode = FALSE
	EndGlobalSection
	GlobalSection(MonoDevelopProperties) = preSolution
		StartupItem = Assembly-CSharp.csproj
	EndGlobalSection
EndGlobal
